{
  "originHash" : "03b72b2a9edf7454ce018742abc2595b2bcc508755221d630f964e11af196b06",
  "pins" : [
    {
      "identity" : "kadr",
      "kind" : "remoteSourceControl",
      "location" : "https://github.com/SteliyanH/kadr.git",
      "state" : {
        "revision" : "d822c6b2461c653c678428bdc598993191c23de1",
        "version" : "1.0.0"
      }
    }
  ],
  "version" : 3
}
