{
  "originHash" : "1ccfde4473bafa14fe93a00f643471821f2ca9fd62ffd5cf0567d08c33420155",
  "pins" : [
    {
      "identity" : "kadr",
      "kind" : "remoteSourceControl",
      "location" : "https://github.com/SteliyanH/kadr.git",
      "state" : {
        "revision" : "36c51b080626f5ebb385407bd3c8d984ab8d2034",
        "version" : "0.21.0"
      }
    }
  ],
  "version" : 3
}
